
Microsoft Visual Studio Solution File, Format Version 12.00
# Visual Studio Version 17
VisualStudioVersion = 17.6.33815.320
MinimumVisualStudioVersion = 10.0.40219.1
Project("{9A19103F-16F7-4668-BE54-9A1E7A4F7556}") = "Hypocrite.Core", "Hypocrite.Core\Hypocrite.Core.csproj", "{9ACAC9D4-6F9D-4701-80F6-670B8ED30B2F}"
EndProject
Project("{9A19103F-16F7-4668-BE54-9A1E7A4F7556}") = "Hypocrite.Wpf", "Hypocrite.Wpf\Hypocrite.Wpf.csproj", "{393ABB40-3085-4CF0-9BCA-F5FC70F075CD}"
EndProject
Project("{FAE04EC0-301F-11D3-BF4B-00C04F79EFBC}") = "Hypocrite.DemoWpf", "Hypocrite.DemoWpf\Hypocrite.DemoWpf.csproj", "{B2543ED7-73B4-4FF4-9642-F2486686B437}"
EndProject
Project("{9A19103F-16F7-4668-BE54-9A1E7A4F7556}") = "Hypocrite.Avalonia", "Hypocrite.Avalonia\Hypocrite.Avalonia.csproj", "{40877987-7B0B-4AEA-BA2A-DF6CDC1FF8D8}"
EndProject
Project("{9A19103F-16F7-4668-BE54-9A1E7A4F7556}") = "Hypocrite.DemoAvalonia", "Hypocrite.DemoAvalonia\Hypocrite.DemoAvalonia.csproj", "{729B4E8D-AF66-4604-9D7E-412B372820C1}"
EndProject
Project("{FAE04EC0-301F-11D3-BF4B-00C04F79EFBC}") = "Hypocrite.Benchmarks", "Hypocrite.Benchmarks\Hypocrite.Benchmarks.csproj", "{095843E6-9AF4-492A-BEF9-98DED11317C0}"
EndProject
Project("{FAE04EC0-301F-11D3-BF4B-00C04F79EFBC}") = "Hypocrite.Tests", "Hypocrite.Tests\Hypocrite.Tests.csproj", "{BFCAB24F-7A91-4ACE-B9A8-B52539EE19EF}"
EndProject
Global
	GlobalSection(SolutionConfigurationPlatforms) = preSolution
		Debug|Any CPU = Debug|Any CPU
		Release|Any CPU = Release|Any CPU
	EndGlobalSection
	GlobalSection(ProjectConfigurationPlatforms) = postSolution
		{9ACAC9D4-6F9D-4701-80F6-670B8ED30B2F}.Debug|Any CPU.ActiveCfg = Debug|Any CPU
		{9ACAC9D4-6F9D-4701-80F6-670B8ED30B2F}.Debug|Any CPU.Build.0 = Debug|Any CPU
		{9ACAC9D4-6F9D-4701-80F6-670B8ED30B2F}.Release|Any CPU.ActiveCfg = Release|Any CPU
		{9ACAC9D4-6F9D-4701-80F6-670B8ED30B2F}.Release|Any CPU.Build.0 = Release|Any CPU
		{393ABB40-3085-4CF0-9BCA-F5FC70F075CD}.Debug|Any CPU.ActiveCfg = Debug|Any CPU
		{393ABB40-3085-4CF0-9BCA-F5FC70F075CD}.Debug|Any CPU.Build.0 = Debug|Any CPU
		{393ABB40-3085-4CF0-9BCA-F5FC70F075CD}.Release|Any CPU.ActiveCfg = Release|Any CPU
		{393ABB40-3085-4CF0-9BCA-F5FC70F075CD}.Release|Any CPU.Build.0 = Release|Any CPU
		{B2543ED7-73B4-4FF4-9642-F2486686B437}.Debug|Any CPU.ActiveCfg = Debug|Any CPU
		{B2543ED7-73B4-4FF4-9642-F2486686B437}.Debug|Any CPU.Build.0 = Debug|Any CPU
		{B2543ED7-73B4-4FF4-9642-F2486686B437}.Release|Any CPU.ActiveCfg = Release|Any CPU
		{B2543ED7-73B4-4FF4-9642-F2486686B437}.Release|Any CPU.Build.0 = Release|Any CPU
		{40877987-7B0B-4AEA-BA2A-DF6CDC1FF8D8}.Debug|Any CPU.ActiveCfg = Debug|Any CPU
		{40877987-7B0B-4AEA-BA2A-DF6CDC1FF8D8}.Debug|Any CPU.Build.0 = Debug|Any CPU
		{40877987-7B0B-4AEA-BA2A-DF6CDC1FF8D8}.Release|Any CPU.ActiveCfg = Release|Any CPU
		{40877987-7B0B-4AEA-BA2A-DF6CDC1FF8D8}.Release|Any CPU.Build.0 = Release|Any CPU
		{729B4E8D-AF66-4604-9D7E-412B372820C1}.Debug|Any CPU.ActiveCfg = Debug|Any CPU
		{729B4E8D-AF66-4604-9D7E-412B372820C1}.Debug|Any CPU.Build.0 = Debug|Any CPU
		{729B4E8D-AF66-4604-9D7E-412B372820C1}.Release|Any CPU.ActiveCfg = Release|Any CPU
		{729B4E8D-AF66-4604-9D7E-412B372820C1}.Release|Any CPU.Build.0 = Release|Any CPU
		{095843E6-9AF4-492A-BEF9-98DED11317C0}.Debug|Any CPU.ActiveCfg = Debug|Any CPU
		{095843E6-9AF4-492A-BEF9-98DED11317C0}.Debug|Any CPU.Build.0 = Debug|Any CPU
		{095843E6-9AF4-492A-BEF9-98DED11317C0}.Release|Any CPU.ActiveCfg = Release|Any CPU
		{095843E6-9AF4-492A-BEF9-98DED11317C0}.Release|Any CPU.Build.0 = Release|Any CPU
		{BFCAB24F-7A91-4ACE-B9A8-B52539EE19EF}.Debug|Any CPU.ActiveCfg = Debug|Any CPU
		{BFCAB24F-7A91-4ACE-B9A8-B52539EE19EF}.Debug|Any CPU.Build.0 = Debug|Any CPU
		{BFCAB24F-7A91-4ACE-B9A8-B52539EE19EF}.Release|Any CPU.ActiveCfg = Release|Any CPU
		{BFCAB24F-7A91-4ACE-B9A8-B52539EE19EF}.Release|Any CPU.Build.0 = Release|Any CPU
	EndGlobalSection
	GlobalSection(SolutionProperties) = preSolution
		HideSolutionNode = FALSE
	EndGlobalSection
	GlobalSection(ExtensibilityGlobals) = postSolution
		SolutionGuid = {B2485A04-8FD2-4F82-8520-A26683BA5170}
	EndGlobalSection
EndGlobal
